// !$*UTF8*$!
{
	archiveVersion = 1;
	classes = {
	};
	objectVersion = 56;
	objects = {

/* Begin PBXBuildFile section */
		48A5CAF529471B000004CD46 /* cardsView.swift in Sources */ = {isa = PBXBuildFile; fileRef = 48A5CAF429471B000004CD46 /* cardsView.swift */; };
		48A5CAF729472A5C0004CD46 /* TransitionTestView.swift in Sources */ = {isa = PBXBuildFile; fileRef = 48A5CAF629472A5C0004CD46 /* TransitionTestView.swift */; };
		48E025F42944381900F97CA6 /* SwiftUITransitionApp.swift in Sources */ = {isa = PBXBuildFile; fileRef = 48E025F32944381900F97CA6 /* SwiftUITransitionApp.swift */; };
		48E025F62944381900F97CA6 /* ContentView.swift in Sources */ = {isa = PBXBuildFile; fileRef = 48E025F52944381900F97CA6 /* ContentView.swift */; };
		48E025F82944381B00F97CA6 /* Assets.xcassets in Resources */ = {isa = PBXBuildFile; fileRef = 48E025F72944381B00F97CA6 /* Assets.xcassets */; };
		48E025FB2944381B00F97CA6 /* Preview Assets.xcassets in Resources */ = {isa = PBXBuildFile; fileRef = 48E025FA2944381B00F97CA6 /* Preview Assets.xcassets */; };
		48E026032944387E00F97CA6 /* CardViewModel.swift in Sources */ = {isa = PBXBuildFile; fileRef = 48E026022944387E00F97CA6 /* CardViewModel.swift */; };
/* End PBXBuildFile section */

/* Begin PBXFileReference section */
		48A5CAF429471B000004CD46 /* cardsView.swift */ = {isa = PBXFileReference; lastKnownFileType = sourcecode.swift; path = cardsView.swift; sourceTree = "<group>"; };
		48A5CAF629472A5C0004CD46 /* TransitionTestView.swift */ = {isa = PBXFileReference; lastKnownFileType = sourcecode.swift; path = TransitionTestView.swift; sourceTree = "<group>"; };
		48E025F02944381900F97CA6 /* SwiftUITransition.app */ = {isa = PBXFileReference; explicitFileType = wrapper.application; includeInIndex = 0; path = SwiftUITransition.app; sourceTree = BUILT_PRODUCTS_DIR; };
		48E025F32944381900F97CA6 /* SwiftUITransitionApp.swift */ = {isa = PBXFileReference; lastKnownFileType = sourcecode.swift; path = SwiftUITransitionApp.swift; sourceTree = "<group>"; };
		48E025F52944381900F97CA6 /* ContentView.swift */ = {isa = PBXFileReference; lastKnownFileType = sourcecode.swift; path = ContentView.swift; sourceTree = "<group>"; };
		48E025F72944381B00F97CA6 /* Assets.xcassets */ = {isa = PBXFileReference; lastKnownFileType = folder.assetcatalog; path = Assets.xcassets; sourceTree = "<group>"; };
		48E025FA2944381B00F97CA6 /* Preview Assets.xcassets */ = {isa = PBXFileReference; lastKnownFileType = folder.assetcatalog; path = "Preview Assets.xcassets"; sourceTree = "<group>"; };
		48E026022944387E00F97CA6 /* CardViewModel.swift */ = {isa = PBXFileReference; lastKnownFileType = sourcecode.swift; path = CardViewModel.swift; sourceTree = "<group>"; };
/* End PBXFileReference section */

/* Begin PBXFrameworksBuildPhase section */
		48E025ED2944381900F97CA6 /* Frameworks */ = {
			isa = PBXFrameworksBuildPhase;
			buildActionMask = 2147483647;
			files = (
			);
			runOnlyForDeploymentPostprocessing = 0;
		};
/* End PBXFrameworksBuildPhase section */

/* Begin PBXGroup section */
		48A5CAF129471A990004CD46 /* View */ = {
			isa = PBXGroup;
			children = (
				48A5CAF429471B000004CD46 /* cardsView.swift */,
				48A5CAF629472A5C0004CD46 /* TransitionTestView.swift */,
			);
			path = View;
			sourceTree = "<group>";
		};
		48E025E72944381900F97CA6 = {
			isa = PBXGroup;
			children = (
				48E025F22944381900F97CA6 /* SwiftUITransition */,
				48E025F12944381900F97CA6 /* Products */,
			);
			sourceTree = "<group>";
		};
		48E025F12944381900F97CA6 /* Products */ = {
			isa = PBXGroup;
			children = (
				48E025F02944381900F97CA6 /* SwiftUITransition.app */,
			);
			name = Products;
			sourceTree = "<group>";
		};
		48E025F22944381900F97CA6 /* SwiftUITransition */ = {
			isa = PBXGroup;
			children = (
				48E026012944385C00F97CA6 /* Model */,
				48A5CAF129471A990004CD46 /* View */,
				48E025F32944381900F97CA6 /* SwiftUITransitionApp.swift */,
				48E025F52944381900F97CA6 /* ContentView.swift */,
				48E025F72944381B00F97CA6 /* Assets.xcassets */,
				48E025F92944381B00F97CA6 /* Preview Content */,
			);
			path = SwiftUITransition;
			sourceTree = "<group>";
		};
		48E025F92944381B00F97CA6 /* Preview Content */ = {
			isa = PBXGroup;
			children = (
				48E025FA2944381B00F97CA6 /* Preview Assets.xcassets */,
			);
			path = "Preview Content";
			sourceTree = "<group>";
		};
		48E026012944385C00F97CA6 /* Model */ = {
			isa = PBXGroup;
			children = (
				48E026022944387E00F97CA6 /* CardViewModel.swift */,
			);
			path = Model;
			sourceTree = "<group>";
		};
/* End PBXGroup section */

/* Begin PBXNativeTarget section */
		48E025EF2944381900F97CA6 /* SwiftUITransition */ = {
			isa = PBXNativeTarget;
			buildConfigurationList = 48E025FE2944381B00F97CA6 /* Build configuration list for PBXNativeTarget "SwiftUITransition" */;
			buildPhases = (
				48E025EC2944381900F97CA6 /* Sources */,
				48E025ED2944381900F97CA6 /* Frameworks */,
				48E025EE2944381900F97CA6 /* Resources */,
			);
			buildRules = (
			);
			dependencies = (
			);
			name = SwiftUITransition;
			productName = SwiftUITransition;
			productReference = 48E025F02944381900F97CA6 /* SwiftUITransition.app */;
			productType = "com.apple.product-type.application";
		};
/* End PBXNativeTarget section */

/* Begin PBXProject section */
		48E025E82944381900F97CA6 /* Project object */ = {
			isa = PBXProject;
			attributes = {
				BuildIndependentTargetsInParallel = 1;
				LastSwiftUpdateCheck = 1410;
				LastUpgradeCheck = 1410;
				TargetAttributes = {
					48E025EF2944381900F97CA6 = {
						CreatedOnToolsVersion = 14.1;
					};
				};
			};
			buildConfigurationList = 48E025EB2944381900F97CA6 /* Build configuration list for PBXProject "SwiftUITransition" */;
			compatibilityVersion = "Xcode 14.0";
			developmentRegion = en;
			hasScannedForEncodings = 0;
			knownRegions = (
				en,
				Base,
			);
			mainGroup = 48E025E72944381900F97CA6;
			productRefGroup = 48E025F12944381900F97CA6 /* Products */;
			projectDirPath = "";
			projectRoot = "";
			targets = (
				48E025EF2944381900F97CA6 /* SwiftUITransition */,
			);
		};
/* End PBXProject section */

/* Begin PBXResourcesBuildPhase section */
		48E025EE2944381900F97CA6 /* Resources */ = {
			isa = PBXResourcesBuildPhase;
			buildActionMask = 2147483647;
			files = (
				48E025FB2944381B00F97CA6 /* Preview Assets.xcassets in Resources */,
				48E025F82944381B00F97CA6 /* Assets.xcassets in Resources */,
			);
			runOnlyForDeploymentPostprocessing = 0;
		};
/* End PBXResourcesBuildPhase section */

/* Begin PBXSourcesBuildPhase section */
		48E025EC2944381900F97CA6 /* Sources */ = {
			isa = PBXSourcesBuildPhase;
			buildActionMask = 2147483647;
			files = (
				48E025F62944381900F97CA6 /* ContentView.swift in Sources */,
				48E025F42944381900F97CA6 /* SwiftUITransitionApp.swift in Sources */,
				48A5CAF529471B000004CD46 /* cardsView.swift in Sources */,
				48E026032944387E00F97CA6 /* CardViewModel.swift in Sources */,
				48A5CAF729472A5C0004CD46 /* TransitionTestView.swift in Sources */,
			);
			runOnlyForDeploymentPostprocessing = 0;
		};
/* End PBXSourcesBuildPhase section */

/* Begin XCBuildConfiguration section */
		48E025FC2944381B00F97CA6 /* Debug */ = {
			isa = XCBuildConfiguration;
			buildSettings = {
				ALWAYS_SEARCH_USER_PATHS = NO;
				CLANG_ANALYZER_NONNULL = YES;
				CLANG_ANALYZER_NUMBER_OBJECT_CONVERSION = YES_AGGRESSIVE;
				CLANG_CXX_LANGUAGE_STANDARD = "gnu++20";
				CLANG_ENABLE_MODULES = YES;
				CLANG_ENABLE_OBJC_ARC = YES;
				CLANG_ENABLE_OBJC_WEAK = YES;
				CLANG_WARN_BLOCK_CAPTURE_AUTORELEASING = YES;
				CLANG_WARN_BOOL_CONVERSION = YES;
				CLANG_WARN_COMMA = YES;
				CLANG_WARN_CONSTANT_CONVERSION = YES;
				CLANG_WARN_DEPRECATED_OBJC_IMPLEMENTATIONS = YES;
				CLANG_WARN_DIRECT_OBJC_ISA_USAGE = YES_ERROR;
				CLANG_WARN_DOCUMENTATION_COMMENTS = YES;
				CLANG_WARN_EMPTY_BODY = YES;
				CLANG_WARN_ENUM_CONVERSION = YES;
				CLANG_WARN_INFINITE_RECURSION = YES;
				CLANG_WARN_INT_CONVERSION = YES;
				CLANG_WARN_NON_LITERAL_NULL_CONVERSION = YES;
				CLANG_WARN_OBJC_IMPLICIT_RETAIN_SELF = YES;
				CLANG_WARN_OBJC_LITERAL_CONVERSION = YES;
				CLANG_WARN_OBJC_ROOT_CLASS = YES_ERROR;
				CLANG_WARN_QUOTED_INCLUDE_IN_FRAMEWORK_HEADER = YES;
				CLANG_WARN_RANGE_LOOP_ANALYSIS = YES;
				CLANG_WARN_STRICT_PROTOTYPES = YES;
				CLANG_WARN_SUSPICIOUS_MOVE = YES;
				CLANG_WARN_UNGUARDED_AVAILABILITY = YES_AGGRESSIVE;
				CLANG_WARN_UNREACHABLE_CODE = YES;
				CLANG_WARN__DUPLICATE_METHOD_MATCH = YES;
				COPY_PHASE_STRIP = NO;
				DEBUG_INFORMATION_FORMAT = dwarf;
				ENABLE_STRICT_OBJC_MSGSEND = YES;
				ENABLE_TESTABILITY = YES;
				GCC_C_LANGUAGE_STANDARD = gnu11;
				GCC_DYNAMIC_NO_PIC = NO;
				GCC_NO_COMMON_BLOCKS = YES;
				GCC_OPTIMIZATION_LEVEL = 0;
				GCC_PREPROCESSOR_DEFINITIONS = (
					"DEBUG=1",
					"$(inherited)",
				);
				GCC_WARN_64_TO_32_BIT_CONVERSION = YES;
				GCC_WARN_ABOUT_RETURN_TYPE = YES_ERROR;
				GCC_WARN_UNDECLARED_SELECTOR = YES;
				GCC_WARN_UNINITIALIZED_AUTOS = YES_AGGRESSIVE;
				GCC_WARN_UNUSED_FUNCTION = YES;
				GCC_WARN_UNUSED_VARIABLE = YES;
				IPHONEOS_DEPLOYMENT_TARGET = 16.1;
				MTL_ENABLE_DEBUG_INFO = INCLUDE_SOURCE;
				MTL_FAST_MATH = YES;
				ONLY_ACTIVE_ARCH = YES;
				SDKROOT = iphoneos;
				SWIFT_ACTIVE_COMPILATION_CONDITIONS = DEBUG;
				SWIFT_OPTIMIZATION_LEVEL = "-Onone";
			};
			name = Debug;
		};
		48E025FD2944381B00F97CA6 /* Release */ = {
			isa = XCBuildConfiguration;
			buildSettings = {
				ALWAYS_SEARCH_USER_PATHS = NO;
				CLANG_ANALYZER_NONNULL = YES;
				CLANG_ANALYZER_NUMBER_OBJECT_CONVERSION = YES_AGGRESSIVE;
				CLANG_CXX_LANGUAGE_STANDARD = "gnu++20";
				CLANG_ENABLE_MODULES = YES;
				CLANG_ENABLE_OBJC_ARC = YES;
				CLANG_ENABLE_OBJC_WEAK = YES;
				CLANG_WARN_BLOCK_CAPTURE_AUTORELEASING = YES;
				CLANG_WARN_BOOL_CONVERSION = YES;
				CLANG_WARN_COMMA = YES;
				CLANG_WARN_CONSTANT_CONVERSION = YES;
				CLANG_WARN_DEPRECATED_OBJC_IMPLEMENTATIONS = YES;
				CLANG_WARN_DIRECT_OBJC_ISA_USAGE = YES_ERROR;
				CLANG_WARN_DOCUMENTATION_COMMENTS = YES;
				CLANG_WARN_EMPTY_BODY = YES;
				CLANG_WARN_ENUM_CONVERSION = YES;
				CLANG_WARN_INFINITE_RECURSION = YES;
				CLANG_WARN_INT_CONVERSION = YES;
				CLANG_WARN_NON_LITERAL_NULL_CONVERSION = YES;
				CLANG_WARN_OBJC_IMPLICIT_RETAIN_SELF = YES;
				CLANG_WARN_OBJC_LITERAL_CONVERSION = YES;
				CLANG_WARN_OBJC_ROOT_CLASS = YES_ERROR;
				CLANG_WARN_QUOTED_INCLUDE_IN_FRAMEWORK_HEADER = YES;
				CLANG_WARN_RANGE_LOOP_ANALYSIS = YES;
				CLANG_WARN_STRICT_PROTOTYPES = YES;
				CLANG_WARN_SUSPICIOUS_MOVE = YES;
				CLANG_WARN_UNGUARDED_AVAILABILITY = YES_AGGRESSIVE;
				CLANG_WARN_UNREACHABLE_CODE = YES;
				CLANG_WARN__DUPLICATE_METHOD_MATCH = YES;
				COPY_PHASE_STRIP = NO;
				DEBUG_INFORMATION_FORMAT = "dwarf-with-dsym";
				ENABLE_NS_ASSERTIONS = NO;
				ENABLE_STRICT_OBJC_MSGSEND = YES;
				GCC_C_LANGUAGE_STANDARD = gnu11;
				GCC_NO_COMMON_BLOCKS = YES;
				GCC_WARN_64_TO_32_BIT_CONVERSION = YES;
				GCC_WARN_ABOUT_RETURN_TYPE = YES_ERROR;
				GCC_WARN_UNDECLARED_SELECTOR = YES;
				GCC_WARN_UNINITIALIZED_AUTOS = YES_AGGRESSIVE;
				GCC_WARN_UNUSED_FUNCTION = YES;
				GCC_WARN_UNUSED_VARIABLE = YES;
				IPHONEOS_DEPLOYMENT_TARGET = 16.1;
				MTL_ENABLE_DEBUG_INFO = NO;
				MTL_FAST_MATH = YES;
				SDKROOT = iphoneos;
				SWIFT_COMPILATION_MODE = wholemodule;
				SWIFT_OPTIMIZATION_LEVEL = "-O";
				VALIDATE_PRODUCT = YES;
			};
			name = Release;
		};
		48E025FF2944381B00F97CA6 /* Debug */ = {
			isa = XCBuildConfiguration;
			buildSettings = {
				ASSETCATALOG_COMPILER_APPICON_NAME = AppIcon;
				ASSETCATALOG_COMPILER_GLOBAL_ACCENT_COLOR_NAME = AccentColor;
				CODE_SIGN_STYLE = Automatic;
				CURRENT_PROJECT_VERSION = 1;
				DEVELOPMENT_ASSET_PATHS = "\"SwiftUITransition/Preview Content\"";
				DEVELOPMENT_TEAM = 9GKWFG63GV;
				ENABLE_PREVIEWS = YES;
				GENERATE_INFOPLIST_FILE = YES;
				INFOPLIST_KEY_UIApplicationSceneManifest_Generation = YES;
				INFOPLIST_KEY_UIApplicationSupportsIndirectInputEvents = YES;
				INFOPLIST_KEY_UILaunchScreen_Generation = YES;
				INFOPLIST_KEY_UISupportedInterfaceOrientations_iPad = "UIInterfaceOrientationPortrait UIInterfaceOrientationPortraitUpsideDown UIInterfaceOrientationLandscapeLeft UIInterfaceOrientationLandscapeRight";
				INFOPLIST_KEY_UISupportedInterfaceOrientations_iPhone = "UIInterfaceOrientationPortrait UIInterfaceOrientationLandscapeLeft UIInterfaceOrientationLandscapeRight";
				LD_RUNPATH_SEARCH_PATHS = (
					"$(inherited)",
					"@executable_path/Frameworks",
				);
				MARKETING_VERSION = 1.0;
				PRODUCT_BUNDLE_IDENTIFIER = com.rizales.SwiftUITransition;
				PRODUCT_NAME = "$(TARGET_NAME)";
				SWIFT_EMIT_LOC_STRINGS = YES;
				SWIFT_VERSION = 5.0;
				TARGETED_DEVICE_FAMILY = "1,2";
			};
			name = Debug;
		};
		48E026002944381B00F97CA6 /* Release */ = {
			isa = XCBuildConfiguration;
			buildSettings = {
				ASSETCATALOG_COMPILER_APPICON_NAME = AppIcon;
				ASSETCATALOG_COMPILER_GLOBAL_ACCENT_COLOR_NAME = AccentColor;
				CODE_SIGN_STYLE = Automatic;
				CURRENT_PROJECT_VERSION = 1;
				DEVELOPMENT_ASSET_PATHS = "\"SwiftUITransition/Preview Content\"";
				DEVELOPMENT_TEAM = 9GKWFG63GV;
				ENABLE_PREVIEWS = YES;
				GENERATE_INFOPLIST_FILE = YES;
				INFOPLIST_KEY_UIApplicationSceneManifest_Generation = YES;
				INFOPLIST_KEY_UIApplicationSupportsIndirectInputEvents = YES;
				INFOPLIST_KEY_UILaunchScreen_Generation = YES;
				INFOPLIST_KEY_UISupportedInterfaceOrientations_iPad = "UIInterfaceOrientationPortrait UIInterfaceOrientationPortraitUpsideDown UIInterfaceOrientationLandscapeLeft UIInterfaceOrientationLandscapeRight";
				INFOPLIST_KEY_UISupportedInterfaceOrientations_iPhone = "UIInterfaceOrientationPortrait UIInterfaceOrientationLandscapeLeft UIInterfaceOrientationLandscapeRight";
				LD_RUNPATH_SEARCH_PATHS = (
					"$(inherited)",
					"@executable_path/Frameworks",
				);
				MARKETING_VERSION = 1.0;
				PRODUCT_BUNDLE_IDENTIFIER = com.rizales.SwiftUITransition;
				PRODUCT_NAME = "$(TARGET_NAME)";
				SWIFT_EMIT_LOC_STRINGS = YES;
				SWIFT_VERSION = 5.0;
				TARGETED_DEVICE_FAMILY = "1,2";
			};
			name = Release;
		};
/* End XCBuildConfiguration section */

/* Begin XCConfigurationList section */
		48E025EB2944381900F97CA6 /* Build configuration list for PBXProject "SwiftUITransition" */ = {
			isa = XCConfigurationList;
			buildConfigurations = (
				48E025FC2944381B00F97CA6 /* Debug */,
				48E025FD2944381B00F97CA6 /* Release */,
			);
			defaultConfigurationIsVisible = 0;
			defaultConfigurationName = Release;
		};
		48E025FE2944381B00F97CA6 /* Build configuration list for PBXNativeTarget "SwiftUITransition" */ = {
			isa = XCConfigurationList;
			buildConfigurations = (
				48E025FF2944381B00F97CA6 /* Debug */,
				48E026002944381B00F97CA6 /* Release */,
			);
			defaultConfigurationIsVisible = 0;
			defaultConfigurationName = Release;
		};
/* End XCConfigurationList section */
	};
	rootObject = 48E025E82944381900F97CA6 /* Project object */;
}
